{
  "pins" : [
    {
      "identity" : "lottie-ios",
      "kind" : "remoteSourceControl",
      "location" : "https://github.com/airbnb/lottie-ios.git",
      "state" : {
        "revision" : "8f81de8d81da8631fd95ff81a9db133b76e13ea4",
        "version" : "3.1.6"
      }
    }
  ],
  "version" : 2
}
