// !$*UTF8*$!
{
	archiveVersion = 1;
	classes = {
	};
	objectVersion = 56;
	objects = {

/* Begin PBXBuildFile section */
		AC0948FA2AB0B20C00CA2754 /* CircularImageView.swift in Sources */ = {isa = PBXBuildFile; fileRef = AC0948F92AB0B20C00CA2754 /* CircularImageView.swift */; };
		AC0948FC2AB0B22C00CA2754 /* ProfileImageSize.swift in Sources */ = {isa = PBXBuildFile; fileRef = AC0948FB2AB0B22C00CA2754 /* ProfileImageSize.swift */; };
		AC0949012AB0B5AA00CA2754 /* ChatView.swift in Sources */ = {isa = PBXBuildFile; fileRef = AC0949002AB0B5AA00CA2754 /* ChatView.swift */; };
		AC0949032AB0B62900CA2754 /* ChatViewModel.swift in Sources */ = {isa = PBXBuildFile; fileRef = AC0949022AB0B62900CA2754 /* ChatViewModel.swift */; };
		AC0949052AB0BA2B00CA2754 /* ChatMessageRow.swift in Sources */ = {isa = PBXBuildFile; fileRef = AC0949042AB0BA2B00CA2754 /* ChatMessageRow.swift */; };
		AC0949072AB0C0A900CA2754 /* ChatBubbleShape.swift in Sources */ = {isa = PBXBuildFile; fileRef = AC0949062AB0C0A900CA2754 /* ChatBubbleShape.swift */; };
		AC0D32E92AAF6BC500338DDF /* Localizable.strings in Resources */ = {isa = PBXBuildFile; fileRef = AC0D32EB2AAF6BC500338DDF /* Localizable.strings */; };
		AC0D32EF2AAF6D7C00338DDF /* String + EXT.swift in Sources */ = {isa = PBXBuildFile; fileRef = AC0D32EE2AAF6D7C00338DDF /* String + EXT.swift */; };
		AC0D32F32AAF704900338DDF /* LanguageManager.swift in Sources */ = {isa = PBXBuildFile; fileRef = AC0D32F22AAF704900338DDF /* LanguageManager.swift */; };
		AC0D32F52AAF71EF00338DDF /* Image + EXT.swift in Sources */ = {isa = PBXBuildFile; fileRef = AC0D32F42AAF71EF00338DDF /* Image + EXT.swift */; };
		AC0D32F92AAF729600338DDF /* LoginViewModel.swift in Sources */ = {isa = PBXBuildFile; fileRef = AC0D32F82AAF729600338DDF /* LoginViewModel.swift */; };
		AC0D33022AAF7E0F00338DDF /* SignUpView.swift in Sources */ = {isa = PBXBuildFile; fileRef = AC0D33012AAF7E0F00338DDF /* SignUpView.swift */; };
		AC0D33042AAF7E1C00338DDF /* SignUpViewModel.swift in Sources */ = {isa = PBXBuildFile; fileRef = AC0D33032AAF7E1C00338DDF /* SignUpViewModel.swift */; };
		AC0D33082AAF7E7900338DDF /* LogoImageView.swift in Sources */ = {isa = PBXBuildFile; fileRef = AC0D33072AAF7E7900338DDF /* LogoImageView.swift */; };
		AC0D330E2AAF804300338DDF /* PrimaryTextField.swift in Sources */ = {isa = PBXBuildFile; fileRef = AC0D330D2AAF804300338DDF /* PrimaryTextField.swift */; };
		AC0D33112AAF81AE00338DDF /* PrimaryButton.swift in Sources */ = {isa = PBXBuildFile; fileRef = AC0D33102AAF81AE00338DDF /* PrimaryButton.swift */; };
		AC0D33152AAF8BAE00338DDF /* HomeView.swift in Sources */ = {isa = PBXBuildFile; fileRef = AC0D33142AAF8BAE00338DDF /* HomeView.swift */; };
		AC0D33192AAF8BC000338DDF /* HomeViewModel.swift in Sources */ = {isa = PBXBuildFile; fileRef = AC0D33182AAF8BC000338DDF /* HomeViewModel.swift */; };
		AC0D331B2AAF8E6200338DDF /* ActiveNowView.swift in Sources */ = {isa = PBXBuildFile; fileRef = AC0D331A2AAF8E6200338DDF /* ActiveNowView.swift */; };
		AC0D331D2AAF90E400338DDF /* ChatRowView.swift in Sources */ = {isa = PBXBuildFile; fileRef = AC0D331C2AAF90E400338DDF /* ChatRowView.swift */; };
		AC0D33252AAF968C00338DDF /* NewMessageView.swift in Sources */ = {isa = PBXBuildFile; fileRef = AC0D33242AAF968C00338DDF /* NewMessageView.swift */; };
		AC0D33282AAF987300338DDF /* NewMessageViewModel.swift in Sources */ = {isa = PBXBuildFile; fileRef = AC0D33272AAF987300338DDF /* NewMessageViewModel.swift */; };
		AC0D332E2AAF9D3F00338DDF /* ProfileView.swift in Sources */ = {isa = PBXBuildFile; fileRef = AC0D332D2AAF9D3F00338DDF /* ProfileView.swift */; };
		AC9E8F9C2AB085130046D19A /* SettingRowView.swift in Sources */ = {isa = PBXBuildFile; fileRef = AC9E8F9B2AB085130046D19A /* SettingRowView.swift */; };
		AC9E8F9E2AB086680046D19A /* ProfileViewModel.swift in Sources */ = {isa = PBXBuildFile; fileRef = AC9E8F9D2AB086680046D19A /* ProfileViewModel.swift */; };
		AC9E8FA02AB088800046D19A /* SettingOptions.swift in Sources */ = {isa = PBXBuildFile; fileRef = AC9E8F9F2AB088800046D19A /* SettingOptions.swift */; };
		AC9E8FA22AB0990B0046D19A /* User.swift in Sources */ = {isa = PBXBuildFile; fileRef = AC9E8FA12AB0990B0046D19A /* User.swift */; };
		AC9E8FA62AB09A3A0046D19A /* PreviewProvider.swift in Sources */ = {isa = PBXBuildFile; fileRef = AC9E8FA52AB09A3A0046D19A /* PreviewProvider.swift */; };
		ACAD4E882AAF5D1600EDD02F /* MessengerAppApp.swift in Sources */ = {isa = PBXBuildFile; fileRef = ACAD4E872AAF5D1600EDD02F /* MessengerAppApp.swift */; };
		ACAD4E8A2AAF5D1600EDD02F /* SplashView.swift in Sources */ = {isa = PBXBuildFile; fileRef = ACAD4E892AAF5D1600EDD02F /* SplashView.swift */; };
		ACAD4E8C2AAF5D1700EDD02F /* Assets.xcassets in Resources */ = {isa = PBXBuildFile; fileRef = ACAD4E8B2AAF5D1700EDD02F /* Assets.xcassets */; };
		ACAD4E8F2AAF5D1700EDD02F /* Preview Assets.xcassets in Resources */ = {isa = PBXBuildFile; fileRef = ACAD4E8E2AAF5D1700EDD02F /* Preview Assets.xcassets */; };
		ACAD4E9E2AAF5DCC00EDD02F /* LoginView.swift in Sources */ = {isa = PBXBuildFile; fileRef = ACAD4E9D2AAF5DCC00EDD02F /* LoginView.swift */; };
		ACAD4EA22AAF61D200EDD02F /* Lottie in Frameworks */ = {isa = PBXBuildFile; productRef = ACAD4EA12AAF61D200EDD02F /* Lottie */; };
		ACAD4EA42AAF61F500EDD02F /* splash.json in Resources */ = {isa = PBXBuildFile; fileRef = ACAD4EA32AAF61F500EDD02F /* splash.json */; };
		ACAD4EA92AAF625500EDD02F /* LottieAnimationView.swift in Sources */ = {isa = PBXBuildFile; fileRef = ACAD4EA82AAF625500EDD02F /* LottieAnimationView.swift */; };
/* End PBXBuildFile section */

/* Begin PBXFileReference section */
		AC0948F92AB0B20C00CA2754 /* CircularImageView.swift */ = {isa = PBXFileReference; lastKnownFileType = sourcecode.swift; path = CircularImageView.swift; sourceTree = "<group>"; };
		AC0948FB2AB0B22C00CA2754 /* ProfileImageSize.swift */ = {isa = PBXFileReference; lastKnownFileType = sourcecode.swift; path = ProfileImageSize.swift; sourceTree = "<group>"; };
		AC0949002AB0B5AA00CA2754 /* ChatView.swift */ = {isa = PBXFileReference; lastKnownFileType = sourcecode.swift; path = ChatView.swift; sourceTree = "<group>"; };
		AC0949022AB0B62900CA2754 /* ChatViewModel.swift */ = {isa = PBXFileReference; lastKnownFileType = sourcecode.swift; path = ChatViewModel.swift; sourceTree = "<group>"; };
		AC0949042AB0BA2B00CA2754 /* ChatMessageRow.swift */ = {isa = PBXFileReference; lastKnownFileType = sourcecode.swift; path = ChatMessageRow.swift; sourceTree = "<group>"; };
		AC0949062AB0C0A900CA2754 /* ChatBubbleShape.swift */ = {isa = PBXFileReference; lastKnownFileType = sourcecode.swift; path = ChatBubbleShape.swift; sourceTree = "<group>"; };
		AC0D32EA2AAF6BC500338DDF /* en */ = {isa = PBXFileReference; lastKnownFileType = text.plist.strings; name = en; path = en.lproj/Localizable.strings; sourceTree = "<group>"; };
		AC0D32EC2AAF6C0200338DDF /* ar */ = {isa = PBXFileReference; lastKnownFileType = text.plist.strings; name = ar; path = ar.lproj/Localizable.strings; sourceTree = "<group>"; };
		AC0D32EE2AAF6D7C00338DDF /* String + EXT.swift */ = {isa = PBXFileReference; lastKnownFileType = sourcecode.swift; path = "String + EXT.swift"; sourceTree = "<group>"; };
		AC0D32F22AAF704900338DDF /* LanguageManager.swift */ = {isa = PBXFileReference; lastKnownFileType = sourcecode.swift; path = LanguageManager.swift; sourceTree = "<group>"; };
		AC0D32F42AAF71EF00338DDF /* Image + EXT.swift */ = {isa = PBXFileReference; lastKnownFileType = sourcecode.swift; path = "Image + EXT.swift"; sourceTree = "<group>"; };
		AC0D32F82AAF729600338DDF /* LoginViewModel.swift */ = {isa = PBXFileReference; lastKnownFileType = sourcecode.swift; path = LoginViewModel.swift; sourceTree = "<group>"; };
		AC0D33012AAF7E0F00338DDF /* SignUpView.swift */ = {isa = PBXFileReference; lastKnownFileType = sourcecode.swift; path = SignUpView.swift; sourceTree = "<group>"; };
		AC0D33032AAF7E1C00338DDF /* SignUpViewModel.swift */ = {isa = PBXFileReference; lastKnownFileType = sourcecode.swift; path = SignUpViewModel.swift; sourceTree = "<group>"; };
		AC0D33072AAF7E7900338DDF /* LogoImageView.swift */ = {isa = PBXFileReference; lastKnownFileType = sourcecode.swift; path = LogoImageView.swift; sourceTree = "<group>"; };
		AC0D330D2AAF804300338DDF /* PrimaryTextField.swift */ = {isa = PBXFileReference; lastKnownFileType = sourcecode.swift; path = PrimaryTextField.swift; sourceTree = "<group>"; };
		AC0D33102AAF81AE00338DDF /* PrimaryButton.swift */ = {isa = PBXFileReference; lastKnownFileType = sourcecode.swift; path = PrimaryButton.swift; sourceTree = "<group>"; };
		AC0D33142AAF8BAE00338DDF /* HomeView.swift */ = {isa = PBXFileReference; lastKnownFileType = sourcecode.swift; path = HomeView.swift; sourceTree = "<group>"; };
		AC0D33182AAF8BC000338DDF /* HomeViewModel.swift */ = {isa = PBXFileReference; lastKnownFileType = sourcecode.swift; path = HomeViewModel.swift; sourceTree = "<group>"; };
		AC0D331A2AAF8E6200338DDF /* ActiveNowView.swift */ = {isa = PBXFileReference; lastKnownFileType = sourcecode.swift; path = ActiveNowView.swift; sourceTree = "<group>"; };
		AC0D331C2AAF90E400338DDF /* ChatRowView.swift */ = {isa = PBXFileReference; lastKnownFileType = sourcecode.swift; path = ChatRowView.swift; sourceTree = "<group>"; };
		AC0D33242AAF968C00338DDF /* NewMessageView.swift */ = {isa = PBXFileReference; lastKnownFileType = sourcecode.swift; path = NewMessageView.swift; sourceTree = "<group>"; };
		AC0D33272AAF987300338DDF /* NewMessageViewModel.swift */ = {isa = PBXFileReference; lastKnownFileType = sourcecode.swift; path = NewMessageViewModel.swift; sourceTree = "<group>"; };
		AC0D332D2AAF9D3F00338DDF /* ProfileView.swift */ = {isa = PBXFileReference; lastKnownFileType = sourcecode.swift; name = ProfileView.swift; path = MessengerApp/Modules/NewMessage/ViewModel/ProfileView.swift; sourceTree = SOURCE_ROOT; };
		AC9E8F9B2AB085130046D19A /* SettingRowView.swift */ = {isa = PBXFileReference; lastKnownFileType = sourcecode.swift; path = SettingRowView.swift; sourceTree = "<group>"; };
		AC9E8F9D2AB086680046D19A /* ProfileViewModel.swift */ = {isa = PBXFileReference; lastKnownFileType = sourcecode.swift; path = ProfileViewModel.swift; sourceTree = "<group>"; };
		AC9E8F9F2AB088800046D19A /* SettingOptions.swift */ = {isa = PBXFileReference; lastKnownFileType = sourcecode.swift; path = SettingOptions.swift; sourceTree = "<group>"; };
		AC9E8FA12AB0990B0046D19A /* User.swift */ = {isa = PBXFileReference; lastKnownFileType = sourcecode.swift; path = User.swift; sourceTree = "<group>"; };
		AC9E8FA52AB09A3A0046D19A /* PreviewProvider.swift */ = {isa = PBXFileReference; lastKnownFileType = sourcecode.swift; path = PreviewProvider.swift; sourceTree = "<group>"; };
		ACAD4E842AAF5D1600EDD02F /* MessengerApp.app */ = {isa = PBXFileReference; explicitFileType = wrapper.application; includeInIndex = 0; path = MessengerApp.app; sourceTree = BUILT_PRODUCTS_DIR; };
		ACAD4E872AAF5D1600EDD02F /* MessengerAppApp.swift */ = {isa = PBXFileReference; lastKnownFileType = sourcecode.swift; path = MessengerAppApp.swift; sourceTree = "<group>"; };
		ACAD4E892AAF5D1600EDD02F /* SplashView.swift */ = {isa = PBXFileReference; lastKnownFileType = sourcecode.swift; path = SplashView.swift; sourceTree = "<group>"; };
		ACAD4E8B2AAF5D1700EDD02F /* Assets.xcassets */ = {isa = PBXFileReference; lastKnownFileType = folder.assetcatalog; path = Assets.xcassets; sourceTree = "<group>"; };
		ACAD4E8E2AAF5D1700EDD02F /* Preview Assets.xcassets */ = {isa = PBXFileReference; lastKnownFileType = folder.assetcatalog; path = "Preview Assets.xcassets"; sourceTree = "<group>"; };
		ACAD4E9D2AAF5DCC00EDD02F /* LoginView.swift */ = {isa = PBXFileReference; lastKnownFileType = sourcecode.swift; path = LoginView.swift; sourceTree = "<group>"; };
		ACAD4EA32AAF61F500EDD02F /* splash.json */ = {isa = PBXFileReference; fileEncoding = 4; lastKnownFileType = text.json; path = splash.json; sourceTree = "<group>"; };
		ACAD4EA82AAF625500EDD02F /* LottieAnimationView.swift */ = {isa = PBXFileReference; lastKnownFileType = sourcecode.swift; path = LottieAnimationView.swift; sourceTree = "<group>"; };
/* End PBXFileReference section */

/* Begin PBXFrameworksBuildPhase section */
		ACAD4E812AAF5D1600EDD02F /* Frameworks */ = {
			isa = PBXFrameworksBuildPhase;
			buildActionMask = 2147483647;
			files = (
				ACAD4EA22AAF61D200EDD02F /* Lottie in Frameworks */,
			);
			runOnlyForDeploymentPostprocessing = 0;
		};
/* End PBXFrameworksBuildPhase section */

/* Begin PBXGroup section */
		AC0948F82AB0B20500CA2754 /* CircularImageView */ = {
			isa = PBXGroup;
			children = (
				AC0948F92AB0B20C00CA2754 /* CircularImageView.swift */,
				AC0948FB2AB0B22C00CA2754 /* ProfileImageSize.swift */,
			);
			path = CircularImageView;
			sourceTree = "<group>";
		};
		AC0948FD2AB0B59D00CA2754 /* Chat */ = {
			isa = PBXGroup;
			children = (
				AC0948FF2AB0B5A200CA2754 /* ViewModel */,
				AC0948FE2AB0B5A000CA2754 /* View */,
			);
			path = Chat;
			sourceTree = "<group>";
		};
		AC0948FE2AB0B5A000CA2754 /* View */ = {
			isa = PBXGroup;
			children = (
				AC0949002AB0B5AA00CA2754 /* ChatView.swift */,
				AC0949042AB0BA2B00CA2754 /* ChatMessageRow.swift */,
				AC0949062AB0C0A900CA2754 /* ChatBubbleShape.swift */,
			);
			path = View;
			sourceTree = "<group>";
		};
		AC0948FF2AB0B5A200CA2754 /* ViewModel */ = {
			isa = PBXGroup;
			children = (
				AC0949022AB0B62900CA2754 /* ChatViewModel.swift */,
			);
			path = ViewModel;
			sourceTree = "<group>";
		};
		AC0D32E62AAF6BB100338DDF /* Localization */ = {
			isa = PBXGroup;
			children = (
				AC0D32EB2AAF6BC500338DDF /* Localizable.strings */,
			);
			path = Localization;
			sourceTree = "<group>";
		};
		AC0D32F02AAF6F2900338DDF /* Extensions */ = {
			isa = PBXGroup;
			children = (
				AC0D32EE2AAF6D7C00338DDF /* String + EXT.swift */,
				AC0D32F42AAF71EF00338DDF /* Image + EXT.swift */,
				AC9E8FA52AB09A3A0046D19A /* PreviewProvider.swift */,
			);
			path = Extensions;
			sourceTree = "<group>";
		};
		AC0D32F12AAF703F00338DDF /* LanguageManager */ = {
			isa = PBXGroup;
			children = (
				AC0D32F22AAF704900338DDF /* LanguageManager.swift */,
			);
			path = LanguageManager;
			sourceTree = "<group>";
		};
		AC0D32F62AAF727E00338DDF /* View */ = {
			isa = PBXGroup;
			children = (
				ACAD4E9D2AAF5DCC00EDD02F /* LoginView.swift */,
			);
			path = View;
			sourceTree = "<group>";
		};
		AC0D32F72AAF728600338DDF /* ViewModel */ = {
			isa = PBXGroup;
			children = (
				AC0D32F82AAF729600338DDF /* LoginViewModel.swift */,
			);
			path = ViewModel;
			sourceTree = "<group>";
		};
		AC0D32FA2AAF792F00338DDF /* Components */ = {
			isa = PBXGroup;
			children = (
				AC0948F82AB0B20500CA2754 /* CircularImageView */,
				AC0D33052AAF7E6000338DDF /* LogoImageView */,
				AC0D330C2AAF802E00338DDF /* PrimaryTextField */,
				AC0D330F2AAF81A100338DDF /* PrimaryButton */,
			);
			path = Components;
			sourceTree = "<group>";
		};
		AC0D32FE2AAF7DF900338DDF /* SignUp */ = {
			isa = PBXGroup;
			children = (
				AC0D33002AAF7E0500338DDF /* ViewModel */,
				AC0D32FF2AAF7E0200338DDF /* View */,
			);
			path = SignUp;
			sourceTree = "<group>";
		};
		AC0D32FF2AAF7E0200338DDF /* View */ = {
			isa = PBXGroup;
			children = (
				AC0D33012AAF7E0F00338DDF /* SignUpView.swift */,
			);
			path = View;
			sourceTree = "<group>";
		};
		AC0D33002AAF7E0500338DDF /* ViewModel */ = {
			isa = PBXGroup;
			children = (
				AC0D33032AAF7E1C00338DDF /* SignUpViewModel.swift */,
			);
			path = ViewModel;
			sourceTree = "<group>";
		};
		AC0D33052AAF7E6000338DDF /* LogoImageView */ = {
			isa = PBXGroup;
			children = (
				AC0D33072AAF7E7900338DDF /* LogoImageView.swift */,
			);
			path = LogoImageView;
			sourceTree = "<group>";
		};
		AC0D330C2AAF802E00338DDF /* PrimaryTextField */ = {
			isa = PBXGroup;
			children = (
				AC0D330D2AAF804300338DDF /* PrimaryTextField.swift */,
			);
			path = PrimaryTextField;
			sourceTree = "<group>";
		};
		AC0D330F2AAF81A100338DDF /* PrimaryButton */ = {
			isa = PBXGroup;
			children = (
				AC0D33102AAF81AE00338DDF /* PrimaryButton.swift */,
			);
			path = PrimaryButton;
			sourceTree = "<group>";
		};
		AC0D33122AAF8BA400338DDF /* Home */ = {
			isa = PBXGroup;
			children = (
				AC0D33162AAF8BB200338DDF /* ViewModel */,
				AC0D33132AAF8BA800338DDF /* View */,
			);
			path = Home;
			sourceTree = "<group>";
		};
		AC0D33132AAF8BA800338DDF /* View */ = {
			isa = PBXGroup;
			children = (
				AC0D33142AAF8BAE00338DDF /* HomeView.swift */,
				AC0D331A2AAF8E6200338DDF /* ActiveNowView.swift */,
				AC0D331C2AAF90E400338DDF /* ChatRowView.swift */,
			);
			path = View;
			sourceTree = "<group>";
		};
		AC0D33162AAF8BB200338DDF /* ViewModel */ = {
			isa = PBXGroup;
			children = (
				AC0D33182AAF8BC000338DDF /* HomeViewModel.swift */,
			);
			path = ViewModel;
			sourceTree = "<group>";
		};
		AC0D33222AAF967E00338DDF /* NewMessage */ = {
			isa = PBXGroup;
			children = (
				AC0D33262AAF986800338DDF /* ViewModel */,
				AC0D33232AAF968200338DDF /* View */,
			);
			path = NewMessage;
			sourceTree = "<group>";
		};
		AC0D33232AAF968200338DDF /* View */ = {
			isa = PBXGroup;
			children = (
				AC0D33242AAF968C00338DDF /* NewMessageView.swift */,
			);
			path = View;
			sourceTree = "<group>";
		};
		AC0D33262AAF986800338DDF /* ViewModel */ = {
			isa = PBXGroup;
			children = (
				AC0D33272AAF987300338DDF /* NewMessageViewModel.swift */,
			);
			path = ViewModel;
			sourceTree = "<group>";
		};
		AC0D332A2AAF9D1400338DDF /* Profile */ = {
			isa = PBXGroup;
			children = (
				AC0D332C2AAF9D3600338DDF /* ViewModel */,
				AC0D332B2AAF9D3100338DDF /* View */,
			);
			path = Profile;
			sourceTree = "<group>";
		};
		AC0D332B2AAF9D3100338DDF /* View */ = {
			isa = PBXGroup;
			children = (
				AC0D332D2AAF9D3F00338DDF /* ProfileView.swift */,
				AC9E8F9B2AB085130046D19A /* SettingRowView.swift */,
			);
			path = View;
			sourceTree = "<group>";
		};
		AC0D332C2AAF9D3600338DDF /* ViewModel */ = {
			isa = PBXGroup;
			children = (
				AC9E8F9D2AB086680046D19A /* ProfileViewModel.swift */,
				AC9E8F9F2AB088800046D19A /* SettingOptions.swift */,
			);
			path = ViewModel;
			sourceTree = "<group>";
		};
		ACAD4E7B2AAF5D1600EDD02F = {
			isa = PBXGroup;
			children = (
				ACAD4E862AAF5D1600EDD02F /* MessengerApp */,
				ACAD4E852AAF5D1600EDD02F /* Products */,
			);
			sourceTree = "<group>";
		};
		ACAD4E852AAF5D1600EDD02F /* Products */ = {
			isa = PBXGroup;
			children = (
				ACAD4E842AAF5D1600EDD02F /* MessengerApp.app */,
			);
			name = Products;
			sourceTree = "<group>";
		};
		ACAD4E862AAF5D1600EDD02F /* MessengerApp */ = {
			isa = PBXGroup;
			children = (
				ACAD4E952AAF5D4800EDD02F /* App */,
				ACAD4EA52AAF61FD00EDD02F /* Utilis */,
				ACAD4E962AAF5D5000EDD02F /* Core */,
				ACAD4E992AAF5D6700EDD02F /* Services */,
				ACAD4E982AAF5D5F00EDD02F /* Model */,
				AC0D32FA2AAF792F00338DDF /* Components */,
				ACAD4E972AAF5D5C00EDD02F /* Modules */,
				ACAD4E9F2AAF5DEC00EDD02F /* Resources */,
				ACAD4E8D2AAF5D1700EDD02F /* Preview Content */,
			);
			path = MessengerApp;
			sourceTree = "<group>";
		};
		ACAD4E8D2AAF5D1700EDD02F /* Preview Content */ = {
			isa = PBXGroup;
			children = (
				ACAD4E8E2AAF5D1700EDD02F /* Preview Assets.xcassets */,
			);
			path = "Preview Content";
			sourceTree = "<group>";
		};
		ACAD4E952AAF5D4800EDD02F /* App */ = {
			isa = PBXGroup;
			children = (
				ACAD4E872AAF5D1600EDD02F /* MessengerAppApp.swift */,
			);
			path = App;
			sourceTree = "<group>";
		};
		ACAD4E962AAF5D5000EDD02F /* Core */ = {
			isa = PBXGroup;
			children = (
				AC0D32F12AAF703F00338DDF /* LanguageManager */,
				AC0D32E62AAF6BB100338DDF /* Localization */,
				AC0D32F02AAF6F2900338DDF /* Extensions */,
			);
			path = Core;
			sourceTree = "<group>";
		};
		ACAD4E972AAF5D5C00EDD02F /* Modules */ = {
			isa = PBXGroup;
			children = (
				AC0948FD2AB0B59D00CA2754 /* Chat */,
				AC0D332A2AAF9D1400338DDF /* Profile */,
				AC0D33222AAF967E00338DDF /* NewMessage */,
				AC0D33122AAF8BA400338DDF /* Home */,
				AC0D32FE2AAF7DF900338DDF /* SignUp */,
				ACAD4E9A2AAF5D7500EDD02F /* Login */,
				ACAD4E9B2AAF5DAC00EDD02F /* Splash */,
			);
			path = Modules;
			sourceTree = "<group>";
		};
		ACAD4E982AAF5D5F00EDD02F /* Model */ = {
			isa = PBXGroup;
			children = (
				AC9E8FA12AB0990B0046D19A /* User.swift */,
			);
			path = Model;
			sourceTree = "<group>";
		};
		ACAD4E992AAF5D6700EDD02F /* Services */ = {
			isa = PBXGroup;
			children = (
			);
			path = Services;
			sourceTree = "<group>";
		};
		ACAD4E9A2AAF5D7500EDD02F /* Login */ = {
			isa = PBXGroup;
			children = (
				AC0D32F72AAF728600338DDF /* ViewModel */,
				AC0D32F62AAF727E00338DDF /* View */,
			);
			path = Login;
			sourceTree = "<group>";
		};
		ACAD4E9B2AAF5DAC00EDD02F /* Splash */ = {
			isa = PBXGroup;
			children = (
				ACAD4E9C2AAF5DB400EDD02F /* View */,
			);
			path = Splash;
			sourceTree = "<group>";
		};
		ACAD4E9C2AAF5DB400EDD02F /* View */ = {
			isa = PBXGroup;
			children = (
				ACAD4E892AAF5D1600EDD02F /* SplashView.swift */,
			);
			path = View;
			sourceTree = "<group>";
		};
		ACAD4E9F2AAF5DEC00EDD02F /* Resources */ = {
			isa = PBXGroup;
			children = (
				ACAD4E8B2AAF5D1700EDD02F /* Assets.xcassets */,
				ACAD4EA32AAF61F500EDD02F /* splash.json */,
			);
			path = Resources;
			sourceTree = "<group>";
		};
		ACAD4EA52AAF61FD00EDD02F /* Utilis */ = {
			isa = PBXGroup;
			children = (
				ACAD4EA82AAF625500EDD02F /* LottieAnimationView.swift */,
			);
			path = Utilis;
			sourceTree = "<group>";
		};
/* End PBXGroup section */

/* Begin PBXNativeTarget section */
		ACAD4E832AAF5D1600EDD02F /* MessengerApp */ = {
			isa = PBXNativeTarget;
			buildConfigurationList = ACAD4E922AAF5D1700EDD02F /* Build configuration list for PBXNativeTarget "MessengerApp" */;
			buildPhases = (
				ACAD4E802AAF5D1600EDD02F /* Sources */,
				ACAD4E812AAF5D1600EDD02F /* Frameworks */,
				ACAD4E822AAF5D1600EDD02F /* Resources */,
			);
			buildRules = (
			);
			dependencies = (
			);
			name = MessengerApp;
			packageProductDependencies = (
				ACAD4EA12AAF61D200EDD02F /* Lottie */,
			);
			productName = MessengerApp;
			productReference = ACAD4E842AAF5D1600EDD02F /* MessengerApp.app */;
			productType = "com.apple.product-type.application";
		};
/* End PBXNativeTarget section */

/* Begin PBXProject section */
		ACAD4E7C2AAF5D1600EDD02F /* Project object */ = {
			isa = PBXProject;
			attributes = {
				BuildIndependentTargetsInParallel = 1;
				LastSwiftUpdateCheck = 1430;
				LastUpgradeCheck = 1430;
				TargetAttributes = {
					ACAD4E832AAF5D1600EDD02F = {
						CreatedOnToolsVersion = 14.3;
					};
				};
			};
			buildConfigurationList = ACAD4E7F2AAF5D1600EDD02F /* Build configuration list for PBXProject "MessengerApp" */;
			compatibilityVersion = "Xcode 14.0";
			developmentRegion = en;
			hasScannedForEncodings = 0;
			knownRegions = (
				en,
				Base,
				ar,
			);
			mainGroup = ACAD4E7B2AAF5D1600EDD02F;
			packageReferences = (
				ACAD4EA02AAF61D200EDD02F /* XCRemoteSwiftPackageReference "lottie-ios" */,
			);
			productRefGroup = ACAD4E852AAF5D1600EDD02F /* Products */;
			projectDirPath = "";
			projectRoot = "";
			targets = (
				ACAD4E832AAF5D1600EDD02F /* MessengerApp */,
			);
		};
/* End PBXProject section */

/* Begin PBXResourcesBuildPhase section */
		ACAD4E822AAF5D1600EDD02F /* Resources */ = {
			isa = PBXResourcesBuildPhase;
			buildActionMask = 2147483647;
			files = (
				ACAD4EA42AAF61F500EDD02F /* splash.json in Resources */,
				AC0D32E92AAF6BC500338DDF /* Localizable.strings in Resources */,
				ACAD4E8F2AAF5D1700EDD02F /* Preview Assets.xcassets in Resources */,
				ACAD4E8C2AAF5D1700EDD02F /* Assets.xcassets in Resources */,
			);
			runOnlyForDeploymentPostprocessing = 0;
		};
/* End PBXResourcesBuildPhase section */

/* Begin PBXSourcesBuildPhase section */
		ACAD4E802AAF5D1600EDD02F /* Sources */ = {
			isa = PBXSourcesBuildPhase;
			buildActionMask = 2147483647;
			files = (
				AC0D32EF2AAF6D7C00338DDF /* String + EXT.swift in Sources */,
				ACAD4EA92AAF625500EDD02F /* LottieAnimationView.swift in Sources */,
				AC0948FC2AB0B22C00CA2754 /* ProfileImageSize.swift in Sources */,
				AC9E8F9C2AB085130046D19A /* SettingRowView.swift in Sources */,
				AC0949012AB0B5AA00CA2754 /* ChatView.swift in Sources */,
				AC9E8FA22AB0990B0046D19A /* User.swift in Sources */,
				AC0949052AB0BA2B00CA2754 /* ChatMessageRow.swift in Sources */,
				AC0D33252AAF968C00338DDF /* NewMessageView.swift in Sources */,
				AC0948FA2AB0B20C00CA2754 /* CircularImageView.swift in Sources */,
				AC0D331B2AAF8E6200338DDF /* ActiveNowView.swift in Sources */,
				AC0949032AB0B62900CA2754 /* ChatViewModel.swift in Sources */,
				ACAD4E9E2AAF5DCC00EDD02F /* LoginView.swift in Sources */,
				AC0D33192AAF8BC000338DDF /* HomeViewModel.swift in Sources */,
				AC0D33152AAF8BAE00338DDF /* HomeView.swift in Sources */,
				AC0D32F52AAF71EF00338DDF /* Image + EXT.swift in Sources */,
				AC9E8FA02AB088800046D19A /* SettingOptions.swift in Sources */,
				AC0D33112AAF81AE00338DDF /* PrimaryButton.swift in Sources */,
				AC0D32F92AAF729600338DDF /* LoginViewModel.swift in Sources */,
				AC0D32F32AAF704900338DDF /* LanguageManager.swift in Sources */,
				AC0D33022AAF7E0F00338DDF /* SignUpView.swift in Sources */,
				AC0D330E2AAF804300338DDF /* PrimaryTextField.swift in Sources */,
				AC9E8F9E2AB086680046D19A /* ProfileViewModel.swift in Sources */,
				ACAD4E8A2AAF5D1600EDD02F /* SplashView.swift in Sources */,
				AC0D33082AAF7E7900338DDF /* LogoImageView.swift in Sources */,
				AC0D331D2AAF90E400338DDF /* ChatRowView.swift in Sources */,
				AC0D33042AAF7E1C00338DDF /* SignUpViewModel.swift in Sources */,
				ACAD4E882AAF5D1600EDD02F /* MessengerAppApp.swift in Sources */,
				AC0D332E2AAF9D3F00338DDF /* ProfileView.swift in Sources */,
				AC0D33282AAF987300338DDF /* NewMessageViewModel.swift in Sources */,
				AC0949072AB0C0A900CA2754 /* ChatBubbleShape.swift in Sources */,
				AC9E8FA62AB09A3A0046D19A /* PreviewProvider.swift in Sources */,
			);
			runOnlyForDeploymentPostprocessing = 0;
		};
/* End PBXSourcesBuildPhase section */

/* Begin PBXVariantGroup section */
		AC0D32EB2AAF6BC500338DDF /* Localizable.strings */ = {
			isa = PBXVariantGroup;
			children = (
				AC0D32EA2AAF6BC500338DDF /* en */,
				AC0D32EC2AAF6C0200338DDF /* ar */,
			);
			name = Localizable.strings;
			sourceTree = "<group>";
		};
/* End PBXVariantGroup section */

/* Begin XCBuildConfiguration section */
		ACAD4E902AAF5D1700EDD02F /* Debug */ = {
			isa = XCBuildConfiguration;
			buildSettings = {
				ALWAYS_SEARCH_USER_PATHS = NO;
				CLANG_ANALYZER_LOCALIZABILITY_NONLOCALIZED = YES;
				CLANG_ANALYZER_NONNULL = YES;
				CLANG_ANALYZER_NUMBER_OBJECT_CONVERSION = YES_AGGRESSIVE;
				CLANG_CXX_LANGUAGE_STANDARD = "gnu++20";
				CLANG_ENABLE_MODULES = YES;
				CLANG_ENABLE_OBJC_ARC = YES;
				CLANG_ENABLE_OBJC_WEAK = YES;
				CLANG_WARN_BLOCK_CAPTURE_AUTORELEASING = YES;
				CLANG_WARN_BOOL_CONVERSION = YES;
				CLANG_WARN_COMMA = YES;
				CLANG_WARN_CONSTANT_CONVERSION = YES;
				CLANG_WARN_DEPRECATED_OBJC_IMPLEMENTATIONS = YES;
				CLANG_WARN_DIRECT_OBJC_ISA_USAGE = YES_ERROR;
				CLANG_WARN_DOCUMENTATION_COMMENTS = YES;
				CLANG_WARN_EMPTY_BODY = YES;
				CLANG_WARN_ENUM_CONVERSION = YES;
				CLANG_WARN_INFINITE_RECURSION = YES;
				CLANG_WARN_INT_CONVERSION = YES;
				CLANG_WARN_NON_LITERAL_NULL_CONVERSION = YES;
				CLANG_WARN_OBJC_IMPLICIT_RETAIN_SELF = YES;
				CLANG_WARN_OBJC_LITERAL_CONVERSION = YES;
				CLANG_WARN_OBJC_ROOT_CLASS = YES_ERROR;
				CLANG_WARN_QUOTED_INCLUDE_IN_FRAMEWORK_HEADER = YES;
				CLANG_WARN_RANGE_LOOP_ANALYSIS = YES;
				CLANG_WARN_STRICT_PROTOTYPES = YES;
				CLANG_WARN_SUSPICIOUS_MOVE = YES;
				CLANG_WARN_UNGUARDED_AVAILABILITY = YES_AGGRESSIVE;
				CLANG_WARN_UNREACHABLE_CODE = YES;
				CLANG_WARN__DUPLICATE_METHOD_MATCH = YES;
				COPY_PHASE_STRIP = NO;
				DEBUG_INFORMATION_FORMAT = dwarf;
				ENABLE_STRICT_OBJC_MSGSEND = YES;
				ENABLE_TESTABILITY = YES;
				GCC_C_LANGUAGE_STANDARD = gnu11;
				GCC_DYNAMIC_NO_PIC = NO;
				GCC_NO_COMMON_BLOCKS = YES;
				GCC_OPTIMIZATION_LEVEL = 0;
				GCC_PREPROCESSOR_DEFINITIONS = (
					"DEBUG=1",
					"$(inherited)",
				);
				GCC_WARN_64_TO_32_BIT_CONVERSION = YES;
				GCC_WARN_ABOUT_RETURN_TYPE = YES_ERROR;
				GCC_WARN_UNDECLARED_SELECTOR = YES;
				GCC_WARN_UNINITIALIZED_AUTOS = YES_AGGRESSIVE;
				GCC_WARN_UNUSED_FUNCTION = YES;
				GCC_WARN_UNUSED_VARIABLE = YES;
				IPHONEOS_DEPLOYMENT_TARGET = 16.0;
				MTL_ENABLE_DEBUG_INFO = INCLUDE_SOURCE;
				MTL_FAST_MATH = YES;
				ONLY_ACTIVE_ARCH = YES;
				SDKROOT = iphoneos;
				SWIFT_ACTIVE_COMPILATION_CONDITIONS = DEBUG;
				SWIFT_OPTIMIZATION_LEVEL = "-Onone";
			};
			name = Debug;
		};
		ACAD4E912AAF5D1700EDD02F /* Release */ = {
			isa = XCBuildConfiguration;
			buildSettings = {
				ALWAYS_SEARCH_USER_PATHS = NO;
				CLANG_ANALYZER_LOCALIZABILITY_NONLOCALIZED = YES;
				CLANG_ANALYZER_NONNULL = YES;
				CLANG_ANALYZER_NUMBER_OBJECT_CONVERSION = YES_AGGRESSIVE;
				CLANG_CXX_LANGUAGE_STANDARD = "gnu++20";
				CLANG_ENABLE_MODULES = YES;
				CLANG_ENABLE_OBJC_ARC = YES;
				CLANG_ENABLE_OBJC_WEAK = YES;
				CLANG_WARN_BLOCK_CAPTURE_AUTORELEASING = YES;
				CLANG_WARN_BOOL_CONVERSION = YES;
				CLANG_WARN_COMMA = YES;
				CLANG_WARN_CONSTANT_CONVERSION = YES;
				CLANG_WARN_DEPRECATED_OBJC_IMPLEMENTATIONS = YES;
				CLANG_WARN_DIRECT_OBJC_ISA_USAGE = YES_ERROR;
				CLANG_WARN_DOCUMENTATION_COMMENTS = YES;
				CLANG_WARN_EMPTY_BODY = YES;
				CLANG_WARN_ENUM_CONVERSION = YES;
				CLANG_WARN_INFINITE_RECURSION = YES;
				CLANG_WARN_INT_CONVERSION = YES;
				CLANG_WARN_NON_LITERAL_NULL_CONVERSION = YES;
				CLANG_WARN_OBJC_IMPLICIT_RETAIN_SELF = YES;
				CLANG_WARN_OBJC_LITERAL_CONVERSION = YES;
				CLANG_WARN_OBJC_ROOT_CLASS = YES_ERROR;
				CLANG_WARN_QUOTED_INCLUDE_IN_FRAMEWORK_HEADER = YES;
				CLANG_WARN_RANGE_LOOP_ANALYSIS = YES;
				CLANG_WARN_STRICT_PROTOTYPES = YES;
				CLANG_WARN_SUSPICIOUS_MOVE = YES;
				CLANG_WARN_UNGUARDED_AVAILABILITY = YES_AGGRESSIVE;
				CLANG_WARN_UNREACHABLE_CODE = YES;
				CLANG_WARN__DUPLICATE_METHOD_MATCH = YES;
				COPY_PHASE_STRIP = NO;
				DEBUG_INFORMATION_FORMAT = "dwarf-with-dsym";
				ENABLE_NS_ASSERTIONS = NO;
				ENABLE_STRICT_OBJC_MSGSEND = YES;
				GCC_C_LANGUAGE_STANDARD = gnu11;
				GCC_NO_COMMON_BLOCKS = YES;
				GCC_WARN_64_TO_32_BIT_CONVERSION = YES;
				GCC_WARN_ABOUT_RETURN_TYPE = YES_ERROR;
				GCC_WARN_UNDECLARED_SELECTOR = YES;
				GCC_WARN_UNINITIALIZED_AUTOS = YES_AGGRESSIVE;
				GCC_WARN_UNUSED_FUNCTION = YES;
				GCC_WARN_UNUSED_VARIABLE = YES;
				IPHONEOS_DEPLOYMENT_TARGET = 16.0;
				MTL_ENABLE_DEBUG_INFO = NO;
				MTL_FAST_MATH = YES;
				SDKROOT = iphoneos;
				SWIFT_COMPILATION_MODE = wholemodule;
				SWIFT_OPTIMIZATION_LEVEL = "-O";
				VALIDATE_PRODUCT = YES;
			};
			name = Release;
		};
		ACAD4E932AAF5D1700EDD02F /* Debug */ = {
			isa = XCBuildConfiguration;
			buildSettings = {
				ASSETCATALOG_COMPILER_APPICON_NAME = AppIcon;
				ASSETCATALOG_COMPILER_GLOBAL_ACCENT_COLOR_NAME = AccentColor;
				CODE_SIGN_STYLE = Automatic;
				CURRENT_PROJECT_VERSION = 1;
				DEVELOPMENT_ASSET_PATHS = "\"MessengerApp/Preview Content\"";
				DEVELOPMENT_TEAM = M4SYRBQBFW;
				ENABLE_PREVIEWS = YES;
				GENERATE_INFOPLIST_FILE = YES;
				INFOPLIST_KEY_UIApplicationSceneManifest_Generation = YES;
				INFOPLIST_KEY_UIApplicationSupportsIndirectInputEvents = YES;
				INFOPLIST_KEY_UILaunchScreen_Generation = YES;
				INFOPLIST_KEY_UISupportedInterfaceOrientations_iPad = "UIInterfaceOrientationPortrait UIInterfaceOrientationPortraitUpsideDown UIInterfaceOrientationLandscapeLeft UIInterfaceOrientationLandscapeRight";
				INFOPLIST_KEY_UISupportedInterfaceOrientations_iPhone = "UIInterfaceOrientationPortrait UIInterfaceOrientationLandscapeLeft UIInterfaceOrientationLandscapeRight";
				IPHONEOS_DEPLOYMENT_TARGET = 16.0;
				LD_RUNPATH_SEARCH_PATHS = (
					"$(inherited)",
					"@executable_path/Frameworks",
				);
				MARKETING_VERSION = 1.0;
				PRODUCT_BUNDLE_IDENTIFIER = com.AhmedAmin.MessengerApp;
				PRODUCT_NAME = "$(TARGET_NAME)";
				SUPPORTED_PLATFORMS = "iphoneos iphonesimulator";
				SUPPORTS_MACCATALYST = NO;
				SUPPORTS_MAC_DESIGNED_FOR_IPHONE_IPAD = NO;
				SWIFT_EMIT_LOC_STRINGS = YES;
				SWIFT_VERSION = 5.0;
				TARGETED_DEVICE_FAMILY = "1,2";
			};
			name = Debug;
		};
		ACAD4E942AAF5D1700EDD02F /* Release */ = {
			isa = XCBuildConfiguration;
			buildSettings = {
				ASSETCATALOG_COMPILER_APPICON_NAME = AppIcon;
				ASSETCATALOG_COMPILER_GLOBAL_ACCENT_COLOR_NAME = AccentColor;
				CODE_SIGN_STYLE = Automatic;
				CURRENT_PROJECT_VERSION = 1;
				DEVELOPMENT_ASSET_PATHS = "\"MessengerApp/Preview Content\"";
				DEVELOPMENT_TEAM = M4SYRBQBFW;
				ENABLE_PREVIEWS = YES;
				GENERATE_INFOPLIST_FILE = YES;
				INFOPLIST_KEY_UIApplicationSceneManifest_Generation = YES;
				INFOPLIST_KEY_UIApplicationSupportsIndirectInputEvents = YES;
				INFOPLIST_KEY_UILaunchScreen_Generation = YES;
				INFOPLIST_KEY_UISupportedInterfaceOrientations_iPad = "UIInterfaceOrientationPortrait UIInterfaceOrientationPortraitUpsideDown UIInterfaceOrientationLandscapeLeft UIInterfaceOrientationLandscapeRight";
				INFOPLIST_KEY_UISupportedInterfaceOrientations_iPhone = "UIInterfaceOrientationPortrait UIInterfaceOrientationLandscapeLeft UIInterfaceOrientationLandscapeRight";
				IPHONEOS_DEPLOYMENT_TARGET = 16.0;
				LD_RUNPATH_SEARCH_PATHS = (
					"$(inherited)",
					"@executable_path/Frameworks",
				);
				MARKETING_VERSION = 1.0;
				PRODUCT_BUNDLE_IDENTIFIER = com.AhmedAmin.MessengerApp;
				PRODUCT_NAME = "$(TARGET_NAME)";
				SUPPORTED_PLATFORMS = "iphoneos iphonesimulator";
				SUPPORTS_MACCATALYST = NO;
				SUPPORTS_MAC_DESIGNED_FOR_IPHONE_IPAD = NO;
				SWIFT_EMIT_LOC_STRINGS = YES;
				SWIFT_VERSION = 5.0;
				TARGETED_DEVICE_FAMILY = "1,2";
			};
			name = Release;
		};
/* End XCBuildConfiguration section */

/* Begin XCConfigurationList section */
		ACAD4E7F2AAF5D1600EDD02F /* Build configuration list for PBXProject "MessengerApp" */ = {
			isa = XCConfigurationList;
			buildConfigurations = (
				ACAD4E902AAF5D1700EDD02F /* Debug */,
				ACAD4E912AAF5D1700EDD02F /* Release */,
			);
			defaultConfigurationIsVisible = 0;
			defaultConfigurationName = Release;
		};
		ACAD4E922AAF5D1700EDD02F /* Build configuration list for PBXNativeTarget "MessengerApp" */ = {
			isa = XCConfigurationList;
			buildConfigurations = (
				ACAD4E932AAF5D1700EDD02F /* Debug */,
				ACAD4E942AAF5D1700EDD02F /* Release */,
			);
			defaultConfigurationIsVisible = 0;
			defaultConfigurationName = Release;
		};
/* End XCConfigurationList section */

/* Begin XCRemoteSwiftPackageReference section */
		ACAD4EA02AAF61D200EDD02F /* XCRemoteSwiftPackageReference "lottie-ios" */ = {
			isa = XCRemoteSwiftPackageReference;
			repositoryURL = "https://github.com/airbnb/lottie-ios.git";
			requirement = {
				kind = exactVersion;
				version = 3.1.6;
			};
		};
/* End XCRemoteSwiftPackageReference section */

/* Begin XCSwiftPackageProductDependency section */
		ACAD4EA12AAF61D200EDD02F /* Lottie */ = {
			isa = XCSwiftPackageProductDependency;
			package = ACAD4EA02AAF61D200EDD02F /* XCRemoteSwiftPackageReference "lottie-ios" */;
			productName = Lottie;
		};
/* End XCSwiftPackageProductDependency section */
	};
	rootObject = ACAD4E7C2AAF5D1600EDD02F /* Project object */;
}
